
Microsoft Visual Studio Solution File, Format Version 12.00
# Visual Studio 15
VisualStudioVersion = 15.0.28307.168
MinimumVisualStudioVersion = 10.0.40219.1
Project("{FAE04EC0-301F-11D3-BF4B-00C04F79EFBC}") = "ComunicacionesMendozaWeb", "ComunicacionesMendozaWeb\ComunicacionesMendozaWeb.csproj", "{8A586226-10D9-4586-A902-BCE43857CCAA}"
EndProject
Global
	GlobalSection(SolutionConfigurationPlatforms) = preSolution
		Debug|Any CPU = Debug|Any CPU
		Release|Any CPU = Release|Any CPU
	EndGlobalSection
	GlobalSection(ProjectConfigurationPlatforms) = postSolution
		{8A586226-10D9-4586-A902-BCE43857CCAA}.Debug|Any CPU.ActiveCfg = Debug|Any CPU
		{8A586226-10D9-4586-A902-BCE43857CCAA}.Debug|Any CPU.Build.0 = Debug|Any CPU
		{8A586226-10D9-4586-A902-BCE43857CCAA}.Release|Any CPU.ActiveCfg = Release|Any CPU
		{8A586226-10D9-4586-A902-BCE43857CCAA}.Release|Any CPU.Build.0 = Release|Any CPU
	EndGlobalSection
	GlobalSection(SolutionProperties) = preSolution
		HideSolutionNode = FALSE
	EndGlobalSection
	GlobalSection(ExtensibilityGlobals) = postSolution
		SolutionGuid = {B0EFE2AA-BEB8-41CD-B343-54948F1E622F}
	EndGlobalSection
EndGlobal
